<?xml version="1.0" encoding="utf-8"?>
<Project ToolsVersion="4.0" xmlns="http://schemas.microsoft.com/developer/msbuild/2003">
  <ItemGroup>
    <Filter Include="Source Files">
      <UniqueIdentifier>{4FC737F1-C7A5-4376-A066-2A32D752A2FF}</UniqueIdentifier>
      <Extensions>cpp;c;cc;cxx;def;odl;idl;hpj;bat;asm;asmx</Extensions>
    </Filter>
    <Filter Include="Header Files">
      <UniqueIdentifier>{93995380-89BD-4b04-88EB-625FBE52EBFB}</UniqueIdentifier>
      <Extensions>h;hh;hpp;hxx;hm;inl;inc;ipp;xsd</Extensions>
    </Filter>
    <Filter Include="Resource Files">
      <UniqueIdentifier>{67DA6AB6-F800-4c08-8B7A-83BB121AAD01}</UniqueIdentifier>
      <Extensions>rc;ico;cur;bmp;dlg;rc2;rct;bin;rgs;gif;jpg;jpeg;jpe;resx;tiff;tif;png;wav;mfcribbon-ms</Extensions>
    </Filter>
    <Filter Include="Source Files\Inignoto">
      <UniqueIdentifier>{185726db-e6ec-4e5e-8d94-3d7433829d60}</UniqueIdentifier>
    </Filter>
    <Filter Include="Source Files\Inignoto\Resources">
      <UniqueIdentifier>{420eb483-b370-4ed1-9645-7ee78b44acea}</UniqueIdentifier>
    </Filter>
    <Filter Include="Source Files\Inignoto\Client">
      <UniqueIdentifier>{596a4d1b-8a37-4dd0-8186-fa1dc5ef740c}</UniqueIdentifier>
    </Filter>
    <Filter Include="Source Files\Inignoto\Client\Events">
      <UniqueIdentifier>{bba1252d-cf16-4ea7-8ef7-b9eb058865ea}</UniqueIdentifier>
    </Filter>
    <Filter Include="Source Files\assets">
      <UniqueIdentifier>{23cbe87c-a8bb-46f4-95f9-7cf6cde6ce47}</UniqueIdentifier>
    </Filter>
    <Filter Include="Source Files\assets\Inignoto">
      <UniqueIdentifier>{6c785edb-27da-4f78-860a-27037a62989d}</UniqueIdentifier>
    </Filter>
    <Filter Include="Source Files\assets\Inignoto\shaders">
      <UniqueIdentifier>{a399d22c-f5f1-4ed9-bea7-653238ec3a16}</UniqueIdentifier>
    </Filter>
    <Filter Include="Source Files\Inignoto\Client\Textures">
      <UniqueIdentifier>{fbda7ad7-0456-4fe6-835a-62c09888b8fe}</UniqueIdentifier>
    </Filter>
    <Filter Include="Source Files\Inignoto\world">
      <UniqueIdentifier>{d7baa789-b61b-45a0-878a-a7d63ef38e0a}</UniqueIdentifier>
    </Filter>
    <Filter Include="Source Files\Inignoto\world\chunk">
      <UniqueIdentifier>{656d2c5d-bdba-42a7-8f96-565e54327508}</UniqueIdentifier>
    </Filter>
    <Filter Include="Source Files\Inignoto\settings">
      <UniqueIdentifier>{f358c7f8-fcbe-4633-a2ef-de9a44f5814a}</UniqueIdentifier>
    </Filter>
    <Filter Include="Source Files\Inignoto\Client\rendering">
      <UniqueIdentifier>{79b2be80-2995-4db3-9e5a-546be5fed9bc}</UniqueIdentifier>
    </Filter>
  </ItemGroup>
  <ItemGroup>
    <ClInclude Include="Utils.h">
      <Filter>Header Files</Filter>
    </ClInclude>
    <ClInclude Include="Constants.h">
      <Filter>Header Files</Filter>
    </ClInclude>
    <ClInclude Include="Events.h">
      <Filter>Header Files</Filter>
    </ClInclude>
    <ClInclude Include="Mouse.h">
      <Filter>Header Files</Filter>
    </ClInclude>
    <ClInclude Include="Inignoto.h">
      <Filter>Header Files</Filter>
    </ClInclude>
    <ClInclude Include="MathHelper.h">
      <Filter>Header Files</Filter>
    </ClInclude>
    <ClInclude Include="Textures.h">
      <Filter>Header Files</Filter>
    </ClInclude>
    <ClInclude Include="VBO.h">
      <Filter>Header Files</Filter>
    </ClInclude>
    <ClInclude Include="TilePos.h">
      <Filter>Header Files</Filter>
    </ClInclude>
    <ClInclude Include="TileData.h">
      <Filter>Header Files</Filter>
    </ClInclude>
    <ClInclude Include="InputSetting.h">
      <Filter>Header Files</Filter>
    </ClInclude>
    <ClInclude Include="Settings.h">
      <Filter>Header Files</Filter>
    </ClInclude>
    <ClInclude Include="Translation.h">
      <Filter>Header Files</Filter>
    </ClInclude>
    <ClInclude Include="Input.h">
      <Filter>Header Files</Filter>
    </ClInclude>
    <ClInclude Include="Camera.h">
      <Filter>Header Files</Filter>
    </ClInclude>
    <ClInclude Include="FPSCounter.h">
      <Filter>Header Files</Filter>
    </ClInclude>
    <ClInclude Include="GuiRenderer.h">
      <Filter>Header Files</Filter>
    </ClInclude>
  </ItemGroup>
  <ItemGroup>
    <ClCompile Include="Utils.cpp">
      <Filter>Source Files\Inignoto\Resources</Filter>
    </ClCompile>
    <ClCompile Include="Constants.cpp">
      <Filter>Source Files\Inignoto\Resources</Filter>
    </ClCompile>
    <ClCompile Include="Events.cpp">
      <Filter>Source Files\Inignoto\Client\Events</Filter>
    </ClCompile>
    <ClCompile Include="Mouse.cpp">
      <Filter>Source Files\Inignoto\Client\Events</Filter>
    </ClCompile>
    <ClCompile Include="Inignoto.cpp">
      <Filter>Source Files\Inignoto</Filter>
    </ClCompile>
    <ClCompile Include="Textures.cpp">
      <Filter>Source Files\Inignoto\Client\Textures</Filter>
    </ClCompile>
    <ClCompile Include="Main.cpp">
      <Filter>Source Files\Inignoto</Filter>
    </ClCompile>
    <ClCompile Include="VBO.cpp">
      <Filter>Source Files\Inignoto\Resources</Filter>
    </ClCompile>
    <ClCompile Include="TilePos.cpp">
      <Filter>Source Files\Inignoto\world</Filter>
    </ClCompile>
    <ClCompile Include="TileData.cpp">
      <Filter>Source Files\Inignoto\world</Filter>
    </ClCompile>
    <ClCompile Include="InputSetting.cpp">
      <Filter>Source Files\Inignoto\settings</Filter>
    </ClCompile>
    <ClCompile Include="Settings.cpp">
      <Filter>Source Files\Inignoto\settings</Filter>
    </ClCompile>
    <ClCompile Include="Translation.cpp">
      <Filter>Source Files\Inignoto\settings</Filter>
    </ClCompile>
    <ClCompile Include="Input.cpp">
      <Filter>Source Files\Inignoto\Client\Events</Filter>
    </ClCompile>
    <ClCompile Include="Camera.cpp">
      <Filter>Source Files\Inignoto\Client</Filter>
    </ClCompile>
    <ClCompile Include="FPSCounter.cpp">
      <Filter>Source Files\Inignoto\Resources</Filter>
    </ClCompile>
    <ClCompile Include="GuiRenderer.cpp">
      <Filter>Source Files\Inignoto\Client\rendering</Filter>
    </ClCompile>
  </ItemGroup>
  <ItemGroup>
    <None Include="assets\Inignoto\shaders\fragment.glsl">
      <Filter>Source Files\assets\Inignoto\shaders</Filter>
    </None>
    <None Include="assets\Inignoto\shaders\vertex.glsl">
      <Filter>Source Files\assets\Inignoto\shaders</Filter>
    </None>
  </ItemGroup>
</Project>