<?xml version="1.0" encoding="utf-8"?>
<Project ToolsVersion="4.0" xmlns="http://schemas.microsoft.com/developer/msbuild/2003">
  <ItemGroup>
    <Filter Include="Source Files">
      <UniqueIdentifier>{4FC737F1-C7A5-4376-A066-2A32D752A2FF}</UniqueIdentifier>
      <Extensions>cpp;c;cc;cxx;def;odl;idl;hpj;bat;asm;asmx</Extensions>
    </Filter>
    <Filter Include="Header Files">
      <UniqueIdentifier>{93995380-89BD-4b04-88EB-625FBE52EBFB}</UniqueIdentifier>
      <Extensions>h;hh;hpp;hxx;hm;inl;inc;ipp;xsd</Extensions>
    </Filter>
    <Filter Include="Resource Files">
      <UniqueIdentifier>{67DA6AB6-F800-4c08-8B7A-83BB121AAD01}</UniqueIdentifier>
      <Extensions>rc;ico;cur;bmp;dlg;rc2;rct;bin;rgs;gif;jpg;jpeg;jpe;resx;tiff;tif;png;wav;mfcribbon-ms</Extensions>
    </Filter>
    <Filter Include="Source Files\main">
      <UniqueIdentifier>{0ee1fd78-a2cd-478e-95da-e108220dceac}</UniqueIdentifier>
    </Filter>
    <Filter Include="Source Files\main\PixelInventor">
      <UniqueIdentifier>{06c61afd-6193-42ac-9b3e-7c531955b9c0}</UniqueIdentifier>
    </Filter>
    <Filter Include="Source Files\main\PixelInventor\Game">
      <UniqueIdentifier>{259daa3f-9c46-452a-9987-24e81d1f4397}</UniqueIdentifier>
    </Filter>
    <Filter Include="Source Files\Shaders">
      <UniqueIdentifier>{89e84cb9-280f-4810-8052-7958836e1f81}</UniqueIdentifier>
    </Filter>
    <Filter Include="Source Files\main\PixelInventor\Game\World">
      <UniqueIdentifier>{adfd2897-ecfc-40e3-ba81-0ff17df0bd39}</UniqueIdentifier>
    </Filter>
    <Filter Include="Source Files\main\PixelInventor\Game\World\Chunks">
      <UniqueIdentifier>{8564cdef-449e-4a9e-be03-f93f2441a5bb}</UniqueIdentifier>
    </Filter>
    <Filter Include="Source Files\main\PixelInventor\Game\Tiles">
      <UniqueIdentifier>{c6602f1b-7d1f-4154-b8f3-9acf27afff70}</UniqueIdentifier>
    </Filter>
    <Filter Include="Source Files\main\PixelInventor\Game\Renderer">
      <UniqueIdentifier>{c9009f22-f485-4973-85ef-924f7a542b5c}</UniqueIdentifier>
    </Filter>
    <Filter Include="Source Files\main\PixelInventor\Game\Renderer\World">
      <UniqueIdentifier>{79fd8225-7763-477f-95f1-e38168b849f1}</UniqueIdentifier>
    </Filter>
    <Filter Include="Source Files\main\PixelInventor\Util">
      <UniqueIdentifier>{3cef26b7-d9b7-46a1-92a4-6f29717bfcbe}</UniqueIdentifier>
    </Filter>
    <Filter Include="Source Files\main\PixelInventor\Game\Renderer\Shaders">
      <UniqueIdentifier>{f9f40ec9-548e-49a0-ae86-1cbbbfe9988b}</UniqueIdentifier>
    </Filter>
  </ItemGroup>
  <ItemGroup>
    <ClCompile Include="Main.cpp">
      <Filter>Source Files\main</Filter>
    </ClCompile>
    <ClCompile Include="PixelInventor.cpp">
      <Filter>Source Files\main\PixelInventor</Filter>
    </ClCompile>
    <ClCompile Include="Settings.cpp">
      <Filter>Source Files\main\PixelInventor\Game</Filter>
    </ClCompile>
    <ClCompile Include="Chunk.cpp">
      <Filter>Source Files\main\PixelInventor\Game\World\Chunks</Filter>
    </ClCompile>
    <ClCompile Include="Tile.cpp">
      <Filter>Source Files\main\PixelInventor\Game\Tiles</Filter>
    </ClCompile>
    <ClCompile Include="ChunkRenderer.cpp">
      <Filter>Source Files\main\PixelInventor\Game\Renderer\World</Filter>
    </ClCompile>
    <ClCompile Include="World.cpp">
      <Filter>Source Files\main\PixelInventor\Game\World</Filter>
    </ClCompile>
    <ClCompile Include="FileManager.cpp">
      <Filter>Source Files\main\PixelInventor\Util</Filter>
    </ClCompile>
    <ClCompile Include="Shaders.cpp">
      <Filter>Source Files\main\PixelInventor\Game\Renderer\Shaders</Filter>
    </ClCompile>
    <ClCompile Include="Textures.cpp">
      <Filter>Source Files\main\PixelInventor\Util</Filter>
    </ClCompile>
    <ClCompile Include="Shader.cpp">
      <Filter>Source Files\main\PixelInventor\Game\Renderer\Shaders</Filter>
    </ClCompile>
    <ClCompile Include="SpriteRenderer.cpp">
      <Filter>Source Files\main\PixelInventor\Game\Renderer</Filter>
    </ClCompile>
    <ClCompile Include="Constants.cpp">
      <Filter>Source Files\main\PixelInventor\Util</Filter>
    </ClCompile>
    <ClCompile Include="Camera.cpp">
      <Filter>Source Files\main\PixelInventor\Game\Renderer</Filter>
    </ClCompile>
    <ClCompile Include="MathFunc.cpp">
      <Filter>Source Files\main\PixelInventor\Util</Filter>
    </ClCompile>
    <ClCompile Include="MultiTile.cpp">
      <Filter>Source Files\main\PixelInventor\Game\Tiles</Filter>
    </ClCompile>
    <ClCompile Include="GroundTile.cpp">
      <Filter>Source Files\main\PixelInventor\Game\Tiles</Filter>
    </ClCompile>
    <ClCompile Include="Tiles.cpp">
      <Filter>Source Files\main\PixelInventor\Game\Tiles</Filter>
    </ClCompile>
    <ClCompile Include="ChunkGenerator.cpp">
      <Filter>Source Files\main\PixelInventor\Game\World\Chunks</Filter>
    </ClCompile>
  </ItemGroup>
  <ItemGroup>
    <ClInclude Include="PixelInventor.h">
      <Filter>Header Files</Filter>
    </ClInclude>
    <ClInclude Include="Settings.h">
      <Filter>Header Files</Filter>
    </ClInclude>
    <ClInclude Include="Chunk.h">
      <Filter>Header Files</Filter>
    </ClInclude>
    <ClInclude Include="Tile.h">
      <Filter>Header Files</Filter>
    </ClInclude>
    <ClInclude Include="Tiles.h">
      <Filter>Header Files</Filter>
    </ClInclude>
    <ClInclude Include="ChunkRenderer.h">
      <Filter>Header Files</Filter>
    </ClInclude>
    <ClInclude Include="World.h">
      <Filter>Header Files</Filter>
    </ClInclude>
    <ClInclude Include="ArrayList.h">
      <Filter>Header Files</Filter>
    </ClInclude>
    <ClInclude Include="HashMap.h">
      <Filter>Header Files</Filter>
    </ClInclude>
    <ClInclude Include="FileManager.h">
      <Filter>Header Files</Filter>
    </ClInclude>
    <ClInclude Include="Shaders.h">
      <Filter>Header Files</Filter>
    </ClInclude>
    <ClInclude Include="Textures.h">
      <Filter>Header Files</Filter>
    </ClInclude>
    <ClInclude Include="Shader.h">
      <Filter>Header Files</Filter>
    </ClInclude>
    <ClInclude Include="SpriteRenderer.h">
      <Filter>Header Files</Filter>
    </ClInclude>
    <ClInclude Include="Constants.h">
      <Filter>Header Files</Filter>
    </ClInclude>
    <ClInclude Include="Camera.h">
      <Filter>Header Files</Filter>
    </ClInclude>
    <ClInclude Include="MathFunc.h">
      <Filter>Header Files</Filter>
    </ClInclude>
    <ClInclude Include="ChunkGenerator.h">
      <Filter>Header Files</Filter>
    </ClInclude>
  </ItemGroup>
  <ItemGroup>
    <None Include="basic.vert.glsl">
      <Filter>Source Files\Shaders</Filter>
    </None>
  </ItemGroup>
</Project>